
Microsoft Visual Studio Solution File, Format Version 12.00
# Visual Studio Version 16
VisualStudioVersion = 16.0.28803.202
MinimumVisualStudioVersion = 10.0.40219.1
Project("{FAE04EC0-301F-11D3-BF4B-00C04F79EFBC}") = "TML_Customizations", "TML_Customizations\TML_Customizations.csproj", "{3EBE89BC-44F3-4501-976A-3E94A75E1904}"
EndProject
Global
	GlobalSection(SolutionConfigurationPlatforms) = preSolution
		Debug|Any CPU = Debug|Any CPU
		Release|Any CPU = Release|Any CPU
	EndGlobalSection
	GlobalSection(ProjectConfigurationPlatforms) = postSolution
		{3EBE89BC-44F3-4501-976A-3E94A75E1904}.Debug|Any CPU.ActiveCfg = Debug|Any CPU
		{3EBE89BC-44F3-4501-976A-3E94A75E1904}.Debug|Any CPU.Build.0 = Debug|Any CPU
		{3EBE89BC-44F3-4501-976A-3E94A75E1904}.Release|Any CPU.ActiveCfg = Release|Any CPU
		{3EBE89BC-44F3-4501-976A-3E94A75E1904}.Release|Any CPU.Build.0 = Release|Any CPU
	EndGlobalSection
	GlobalSection(SolutionProperties) = preSolution
		HideSolutionNode = FALSE
	EndGlobalSection
	GlobalSection(ExtensibilityGlobals) = postSolution
		SolutionGuid = {FE6398D1-0679-4F5D-BC17-ACF8B538B244}
	EndGlobalSection
EndGlobal
